
Microsoft Visual Studio Solution File, Format Version 12.00
# Visual Studio 15
VisualStudioVersion = 15.0.26730.12
MinimumVisualStudioVersion = 10.0.40219.1
Project("{FAE04EC0-301F-11D3-BF4B-00C04F79EFBC}") = "INotifyPropertyChanged-Style1", "INotifyPropertyChanged-Style1\INotifyPropertyChanged-Style1.csproj", "{16CFAB23-6DC5-4C07-82F9-868754DB73DC}"
EndProject
Global
	GlobalSection(SolutionConfigurationPlatforms) = preSolution
		Debug|Any CPU = Debug|Any CPU
		Release|Any CPU = Release|Any CPU
	EndGlobalSection
	GlobalSection(ProjectConfigurationPlatforms) = postSolution
		{16CFAB23-6DC5-4C07-82F9-868754DB73DC}.Debug|Any CPU.ActiveCfg = Debug|Any CPU
		{16CFAB23-6DC5-4C07-82F9-868754DB73DC}.Debug|Any CPU.Build.0 = Debug|Any CPU
		{16CFAB23-6DC5-4C07-82F9-868754DB73DC}.Release|Any CPU.ActiveCfg = Release|Any CPU
		{16CFAB23-6DC5-4C07-82F9-868754DB73DC}.Release|Any CPU.Build.0 = Release|Any CPU
	EndGlobalSection
	GlobalSection(SolutionProperties) = preSolution
		HideSolutionNode = FALSE
	EndGlobalSection
	GlobalSection(ExtensibilityGlobals) = postSolution
		SolutionGuid = {86DEA832-93D8-4374-88C2-9C5E775AEE90}
	EndGlobalSection
EndGlobal
